# This lock file was generated by conda-lock (https://github.com/conda/conda-lock). DO NOT EDIT!
#
# A "lock file" contains a concrete list of package versions (with checksums) to be installed. Unlike
# e.g. `conda env create`, the resulting environment will not change as new package versions become
# available, unless you explicitly update the lock file.
#
# Install this environment as "YOURENV" with:
#     conda-lock install -n YOURENV conda-lock.yml
# To update a single package to the latest version compatible with the version constraints in the source:
#     conda-lock lock  --lockfile conda-lock.yml --update PACKAGE
# To re-solve the entire environment, e.g. after changing a version constraint in the source file:
#     conda-lock -f environment.yml --lockfile conda-lock.yml
version: 1
metadata:
  content_hash:
    osx-arm64: 99cfdfbcebc0fe52b6f9d8ebfd2b3f94311ecb6e569470ea41add85de75b07b3
  channels:
  - url: defaults
    used_env_vars: []
  platforms:
  - osx-arm64
  sources:
  - environment.yml
package:
- name: anyio
  version: 4.10.0
  manager: conda
  platform: osx-arm64
  dependencies:
    idna: '>=2.8'
    python: '>=3.12,<3.13.0a0'
    sniffio: '>=1.1'
    typing_extensions: '>=4.5'
  url: https://repo.anaconda.com/pkgs/main/osx-arm64/anyio-4.10.0-py312hca03da5_0.conda
  hash:
    md5: 7801488f706edc5c3a73073fc9a69a48
    sha256: 8d5396108b5cf25c8e9eb28493590bd747bbdaaed54eea65019521d6b7640839
  category: main
  optional: false
- name: appnope
  version: 0.1.4
  manager: conda
  platform: osx-arm64
  dependencies:
    python: '>=3.12,<3.13.0a0'
  url: https://repo.anaconda.com/pkgs/main/osx-arm64/appnope-0.1.4-py312hca03da5_0.conda
  hash:
    md5: aa4fa41d67c11f204a1c7f110f9fcc2d
    sha256: 7ae2abef497407912ad6525fb1843ab9b548a8057beaf6070d27b882230760ff
  category: main
  optional: false
- name: argon2-cffi
  version: 25.1.0
  manager: conda
  platform: osx-arm64
  dependencies:
    argon2-cffi-bindings: ''
    python: '>=3.12,<3.13.0a0'
  url: https://repo.anaconda.com/pkgs/main/osx-arm64/argon2-cffi-25.1.0-py312hca03da5_0.conda
  hash:
    md5: 3ef2907ebdb2894fd26823ceea9ff157
    sha256: 8f3148e1a2ffae44c3d9b17a2d9509426a0a618fba783d6b1f4ff87b3dbaa892
  category: main
  optional: false
- name: argon2-cffi-bindings
  version: 21.2.0
  manager: conda
  platform: osx-arm64
  dependencies:
    cffi: '>=1.0.1'
    python: '>=3.12,<3.13.0a0'
  url: https://repo.anaconda.com/pkgs/main/osx-arm64/argon2-cffi-bindings-21.2.0-py312h80987f9_1.conda
  hash:
    md5: ad41cf523f2637f6fb985b50d4a6db54
    sha256: 4c64f62c3390b879c91f334ba7feb9cc94e2ef6adcffc12fddc58814bccfc2ad
  category: main
  optional: false
- name: asttokens
  version: 3.0.0
  manager: conda
  platform: osx-arm64
  dependencies:
    python: '>=3.12,<3.13.0a0'
  url: https://repo.anaconda.com/pkgs/main/osx-arm64/asttokens-3.0.0-py312hca03da5_0.conda
  hash:
    md5: 8c6e8b8984bd8d00a590ef6cc15a3f7e
    sha256: 15e4ffbe59f19f114e658f85fe85014fad529517a5227dc2831ca93d6bf8c00a
  category: main
  optional: false
- name: async-lru
  version: 2.0.5
  manager: conda
  platform: osx-arm64
  dependencies:
    python: '>=3.12,<3.13.0a0'
  url: https://repo.anaconda.com/pkgs/main/osx-arm64/async-lru-2.0.5-py312hca03da5_0.conda
  hash:
    md5: a411ecf88bc5b83caf46077801c16d9a
    sha256: c65388785cbc4de2b82230c751c1884b55c6904f41014aa8626766fcd91fea8e
  category: main
  optional: false
- name: attrs
  version: 25.4.0
  manager: conda
  platform: osx-arm64
  dependencies:
    python: '>=3.12,<3.13.0a0'
  url: https://repo.anaconda.com/pkgs/main/osx-arm64/attrs-25.4.0-py312hca03da5_2.conda
  hash:
    md5: 5a62037ca7a7e25e6ad45e6ab2f31593
    sha256: d5a9a68ca7218ac8cf104da0b61e0bc4249eaf3d64ce42b137a888aee50b9e5b
  category: main
  optional: false
- name: babel
  version: 2.17.0
  manager: conda
  platform: osx-arm64
  dependencies:
    python: '>=3.12,<3.13.0a0'
  url: https://repo.anaconda.com/pkgs/main/osx-arm64/babel-2.17.0-py312hca03da5_0.conda
  hash:
    md5: ca4afdaa64d6b4bb2ace5c90d0c1b3ec
    sha256: beacb186403511368d46411fb0fd2273d66b1a8c2bc2cd26276c82b8d96ac83c
  category: main
  optional: false
- name: beautifulsoup4
  version: 4.14.2
  manager: conda
  platform: osx-arm64
  dependencies:
    python: '>=3.12,<3.13.0a0'
    soupsieve: '>1.2'
    typing-extensions: '>=4.0.0'
  url: https://repo.anaconda.com/pkgs/main/osx-arm64/beautifulsoup4-4.14.2-py312hca03da5_0.conda
  hash:
    md5: 6af85c8aeb58a6df181abaff77f2a332
    sha256: 95b64535d5472897deea792156e588b0f77745fe1049d61ea6e4c6d9c7be3154
  category: main
  optional: false
- name: blas
  version: '1.0'
  manager: conda
  platform: osx-arm64
  dependencies: {}
  url: https://repo.anaconda.com/pkgs/main/osx-arm64/blas-1.0-openblas.conda
  hash:
    md5: 082557147829a904fa986cb86dd1e45a
    sha256: 4fd46cbbcfd8eea36f4b5eee916c0b973d3e9cf19931b1e046930fa087798752
  category: main
  optional: false
- name: bleach
  version: 6.3.0
  manager: conda
  platform: osx-arm64
  dependencies:
    html5lib: '1.1'
    python: '>=3.12,<3.13.0a0'
    webencodings: ''
  url: https://repo.anaconda.com/pkgs/main/osx-arm64/bleach-6.3.0-py312hca03da5_0.conda
  hash:
    md5: 29e287d129eb76cbbcd895c74d8f01a2
    sha256: c33a5ba0e141721d96eff1898d46849a916f74d2be9264a33542583408919ec7
  category: main
  optional: false
- name: bottleneck
  version: 1.4.2
  manager: conda
  platform: osx-arm64
  dependencies:
    numpy: '>=1.21,<3'
    python: '>=3.12,<3.13.0a0'
  url: https://repo.anaconda.com/pkgs/main/osx-arm64/bottleneck-1.4.2-py312ha86b861_0.conda
  hash:
    md5: 4cfc47c81fe9f2fe1b88e5be3fcef75d
    sha256: 89f8ab8596a82bccd0af7ed5d16486bd236e7aa6ce7fd37a05c697c3aad8a5e1
  category: main
  optional: false
- name: brotlicffi
  version: 1.0.9.2
  manager: conda
  platform: osx-arm64
  dependencies:
    cffi: '>=1.0.0'
    libcxx: '>=14.0.6'
    python: '>=3.12,<3.13.0a0'
  url: https://repo.anaconda.com/pkgs/main/osx-arm64/brotlicffi-1.0.9.2-py312h313beb8_1.conda
  hash:
    md5: 18cb6a539f11d60bd0fe43bf7ae0a52b
    sha256: 9c12de3642e3b4fbb1642fdc19dc2704dc86812b46c7f3a9127ee7f5252e6162
  category: main
  optional: false
- name: bzip2
  version: 1.0.8
  manager: conda
  platform: osx-arm64
  dependencies: {}
  url: https://repo.anaconda.com/pkgs/main/osx-arm64/bzip2-1.0.8-h80987f9_6.conda
  hash:
    md5: 27a1ffbd30ff6427c112a733410e2f57
    sha256: a99e7ae89274837bfa706a7f8bcb970520d909a84b9fa1d63ddce1305d96121c
  category: main
  optional: false
- name: ca-certificates
  version: 2025.12.2
  manager: conda
  platform: osx-arm64
  dependencies: {}
  url: https://repo.anaconda.com/pkgs/main/osx-arm64/ca-certificates-2025.12.2-hca03da5_0.conda
  hash:
    md5: 75625924c8619e480c450c97c2ee2fd7
    sha256: f113bdecd95601254933011820037b09a52ddc31ff9221d35a58d6e2f569fde5
  category: main
  optional: false
- name: certifi
  version: 2026.01.04
  manager: conda
  platform: osx-arm64
  dependencies:
    python: '>=3.12,<3.13.0a0'
  url: https://repo.anaconda.com/pkgs/main/osx-arm64/certifi-2026.01.04-py312hca03da5_0.conda
  hash:
    md5: e5cb165cfed326394f4180e8f29bb589
    sha256: 59b9040b67f52fd0dc77c9b18f094b6a22e29789cb4978ef914d793723bb0c28
  category: main
  optional: false
- name: cffi
  version: 1.17.1
  manager: conda
  platform: osx-arm64
  dependencies:
    libffi: '>=3.4,<4.0a0'
    pycparser: ''
    python: '>=3.12,<3.13.0a0'
  url: https://repo.anaconda.com/pkgs/main/osx-arm64/cffi-1.17.1-py312h3eb5a62_1.conda
  hash:
    md5: aeb78ebf4f3d276e98c88caf187ce062
    sha256: 379ce2e7bce8646f594bc4368c7d2a63bb022768bef872f9bb7e7baebeb9dddd
  category: main
  optional: false
- name: charset-normalizer
  version: 3.4.4
  manager: conda
  platform: osx-arm64
  dependencies:
    python: '>=3.12,<3.13.0a0'
  url: https://repo.anaconda.com/pkgs/main/osx-arm64/charset-normalizer-3.4.4-py312hca03da5_0.conda
  hash:
    md5: 858166c1f48fd55b0a9e0047901ffe22
    sha256: 598e83349b12144ced95cb3d9295f1d06a708feb097656a69c91278dbc630ded
  category: main
  optional: false
- name: comm
  version: 0.2.3
  manager: conda
  platform: osx-arm64
  dependencies:
    python: '>=3.12,<3.13.0a0'
  url: https://repo.anaconda.com/pkgs/main/osx-arm64/comm-0.2.3-py312hca03da5_0.conda
  hash:
    md5: ae7e5feba151832ce51fd881c19f7618
    sha256: 0581f35862ae50bce6f2825b3011152208731ea4f7f0b5597509f968f72aea70
  category: main
  optional: false
- name: debugpy
  version: 1.8.11
  manager: conda
  platform: osx-arm64
  dependencies:
    libcxx: '>=14.0.6'
    python: '>=3.12,<3.13.0a0'
  url: https://repo.anaconda.com/pkgs/main/osx-arm64/debugpy-1.8.11-py312h313beb8_0.conda
  hash:
    md5: c5675f12f47a7dae5854638daabb07b0
    sha256: a555debf303e2c801c27939bfb61516e14d2020569946a9a309dfa6a85350477
  category: main
  optional: false
- name: decorator
  version: 5.2.1
  manager: conda
  platform: osx-arm64
  dependencies:
    python: '>=3.12,<3.13.0a0'
  url: https://repo.anaconda.com/pkgs/main/osx-arm64/decorator-5.2.1-py312hca03da5_0.conda
  hash:
    md5: 993da6b62e5da48bf75eee3137c89b53
    sha256: 4a2c6a60efdc6db27193609368459eaf19c1b48b102c1bea053022d9a8255da5
  category: main
  optional: false
- name: defusedxml
  version: 0.7.1
  manager: conda
  platform: osx-arm64
  dependencies:
    python: ''
  url: https://repo.anaconda.com/pkgs/main/noarch/defusedxml-0.7.1-pyhd3eb1b0_0.conda
  hash:
    md5: d912068b0729930972adcaac338882c0
    sha256: d5ccad2e614ba3f953c202a42270fe0cfdaf6c5071311a3accf28446c49a6c5b
  category: main
  optional: false
- name: executing
  version: 2.2.1
  manager: conda
  platform: osx-arm64
  dependencies:
    python: '>=3.12,<3.13.0a0'
  url: https://repo.anaconda.com/pkgs/main/osx-arm64/executing-2.2.1-py312hca03da5_0.conda
  hash:
    md5: 3bc52142ea7da4700a1e0fbb02d4559b
    sha256: 1dd472523ca31d2dded29c5db7e99ec2506b4a1b969a9b268bcadea45a81622a
  category: main
  optional: false
- name: expat
  version: 2.7.1
  manager: conda
  platform: osx-arm64
  dependencies:
    libcxx: '>=14.0.6'
  url: https://repo.anaconda.com/pkgs/main/osx-arm64/expat-2.7.1-h313beb8_0.conda
  hash:
    md5: 956c3776534a08f4037170d90c6e8b67
    sha256: a6c4e675e8903418fa395ac3998aceb0d98e60031add4de1280b2663f6506d25
  category: main
  optional: false
- name: h11
  version: 0.16.0
  manager: conda
  platform: osx-arm64
  dependencies:
    python: '>=3.12,<3.13.0a0'
  url: https://repo.anaconda.com/pkgs/main/osx-arm64/h11-0.16.0-py312hca03da5_1.conda
  hash:
    md5: 36ea490dea2d48853020f68a118b4d7f
    sha256: eaad1adfd9d5226e2b456798d0394cb9a571ba71f622a208c03cc216737d5679
  category: main
  optional: false
- name: html5lib
  version: '1.1'
  manager: conda
  platform: osx-arm64
  dependencies:
    python: ''
    six: '>=1.9'
    webencodings: ''
  url: https://repo.anaconda.com/pkgs/main/noarch/html5lib-1.1-pyhd3eb1b0_0.conda
  hash:
    md5: 24c4f675dfc77f9d1ae6cd3c33731c3c
    sha256: d811c70875dea2d04f909518740f5a8848afa53e9f947679e977f769f30d88ad
  category: main
  optional: false
- name: httpcore
  version: 1.0.9
  manager: conda
  platform: osx-arm64
  dependencies:
    certifi: ''
    h11: '>=0.16'
    python: '>=3.12,<3.13.0a0'
  url: https://repo.anaconda.com/pkgs/main/osx-arm64/httpcore-1.0.9-py312hca03da5_0.conda
  hash:
    md5: c7ea1071c2609174d951fee11bf848b8
    sha256: 16e778dabef8c3a1c84781fdb91e7767a6d102cedd5adb33aff25c36557f0b64
  category: main
  optional: false
- name: httpx
  version: 0.28.1
  manager: conda
  platform: osx-arm64
  dependencies:
    anyio: ''
    certifi: ''
    httpcore: 1.*
    idna: ''
    python: '>=3.12,<3.13.0a0'
  url: https://repo.anaconda.com/pkgs/main/osx-arm64/httpx-0.28.1-py312hca03da5_1.conda
  hash:
    md5: 819cb2c8bf62511d1b49696ac50a1607
    sha256: 35cb02d899ec46cba11ce6c71b4b6a4b53675bbe428bfa9a3a3433ae7c1220ad
  category: main
  optional: false
- name: idna
  version: '3.11'
  manager: conda
  platform: osx-arm64
  dependencies:
    python: '>=3.12,<3.13.0a0'
  url: https://repo.anaconda.com/pkgs/main/osx-arm64/idna-3.11-py312hca03da5_0.conda
  hash:
    md5: 8ccd2d5f939164d5cea8e570ccce66fe
    sha256: f364d8478733e42ded30427e0c2dd907f6e3cc7261dcf93cc8c65ee096a135b4
  category: main
  optional: false
- name: ipykernel
  version: 6.31.0
  manager: conda
  platform: osx-arm64
  dependencies:
    appnope: '>=0.1.2'
    comm: '>=0.1.1'
    debugpy: '>=1.6.5'
    ipython: '>=7.23.1'
    jupyter_client: '>=8.0.0'
    jupyter_core: '>=4.12,!=5.0.*'
    matplotlib-inline: '>=0.1'
    nest-asyncio: '>=1.4'
    packaging: '>=22'
    psutil: '>=5.7'
    python: '>=3.12,<3.13.0a0'
    pyzmq: '>=25'
    tornado: '>=6.2'
    traitlets: '>=5.4.0'
  url: https://repo.anaconda.com/pkgs/main/osx-arm64/ipykernel-6.31.0-py312h7eb115d_0.conda
  hash:
    md5: 96c4992366d95d88e631082d1c51a716
    sha256: 3525116d7a04ab71b9245c13e067858e97d9b51d13265efad513895ecbf4756d
  category: main
  optional: false
- name: ipython
  version: 9.7.0
  manager: conda
  platform: osx-arm64
  dependencies:
    decorator: '>=4.3.2'
    ipython_pygments_lexers: '>=1.0.0'
    jedi: '>=0.18.1'
    matplotlib-inline: '>=0.1.5'
    pexpect: '>4.3'
    prompt_toolkit: '>=3.0.41,<3.1.0'
    pygments: '>=2.11.0'
    python: '>=3.12,<3.13.0a0'
    stack_data: '>=0.6.0'
    traitlets: '>=5.13.0'
  url: https://repo.anaconda.com/pkgs/main/osx-arm64/ipython-9.7.0-py312hca03da5_0.conda
  hash:
    md5: 615ab5ba3fa426da65d545ae34acb31c
    sha256: 9fa7409fd2662b70acebc37d03c35f1a2dd7899417e4c6efb4f9004a7cc79a83
  category: main
  optional: false
- name: ipython_pygments_lexers
  version: 1.1.1
  manager: conda
  platform: osx-arm64
  dependencies:
    pygments: ''
    python: '>=3.12,<3.13.0a0'
  url: https://repo.anaconda.com/pkgs/main/osx-arm64/ipython_pygments_lexers-1.1.1-py312hca03da5_0.conda
  hash:
    md5: 71b8abd7ce74df1abfa0859bb341263b
    sha256: b96d08e3e0ec9a63c1f619d311a510b118761401ef82f3e69d6f2e70e01ee019
  category: main
  optional: false
- name: jedi
  version: 0.19.2
  manager: conda
  platform: osx-arm64
  dependencies:
    parso: '>=0.8.4,<0.9.0'
    python: '>=3.12,<3.13.0a0'
  url: https://repo.anaconda.com/pkgs/main/osx-arm64/jedi-0.19.2-py312hca03da5_0.conda
  hash:
    md5: 39e4aace5575678e139b52cf354161b3
    sha256: 7fb09f03095a894f8e6075ae49aaec415c1dc945845dcc7099e47b5858edab3e
  category: main
  optional: false
- name: jinja2
  version: 3.1.6
  manager: conda
  platform: osx-arm64
  dependencies:
    markupsafe: '>=2.0'
    python: '>=3.12,<3.13.0a0'
  url: https://repo.anaconda.com/pkgs/main/osx-arm64/jinja2-3.1.6-py312hca03da5_0.conda
  hash:
    md5: 4f907899a6aa47fb0e28a3787afa4d61
    sha256: 95c7d8b4b78e54bf6e6c084e05f7ed3069a9b02a2e065c38aa164ca987976a97
  category: main
  optional: false
- name: json5
  version: 0.12.1
  manager: conda
  platform: osx-arm64
  dependencies:
    python: '>=3.12,<3.13.0a0'
  url: https://repo.anaconda.com/pkgs/main/osx-arm64/json5-0.12.1-py312hca03da5_0.conda
  hash:
    md5: 79b063d1283f5e72fbc901702ff48826
    sha256: 6ec1832dddcd218baae05ed53f67a7229ee69be88b77b7e3d68d0320380b036c
  category: main
  optional: false
- name: jsonschema
  version: 4.25.1
  manager: conda
  platform: osx-arm64
  dependencies:
    attrs: '>=22.2.0'
    jsonschema-specifications: '>=2023.03.6'
    python: '>=3.12,<3.13.0a0'
    referencing: '>=0.28.4'
    rpds-py: '>=0.7.1'
  url: https://repo.anaconda.com/pkgs/main/osx-arm64/jsonschema-4.25.1-py312hca03da5_0.conda
  hash:
    md5: 09b39cebcba056f0b895a5f97a9e24ad
    sha256: 8f654a0d4602403f7b1f7164bd0581287ec409311cb454e68a3ecca029b55700
  category: main
  optional: false
- name: jsonschema-specifications
  version: 2025.9.1
  manager: conda
  platform: osx-arm64
  dependencies:
    python: '>=3.12,<3.13.0a0'
    referencing: '>=0.31.0'
  url: https://repo.anaconda.com/pkgs/main/osx-arm64/jsonschema-specifications-2025.9.1-py312hca03da5_0.conda
  hash:
    md5: 6d24c8163bee5da83514315364ef37c6
    sha256: d59cbe62e45f4bb7357482238d0e2f2838d02a89d773f5a91433ddd237304ebd
  category: main
  optional: false
- name: jupyter-lsp
  version: 2.2.5
  manager: conda
  platform: osx-arm64
  dependencies:
    jupyter_server: '>=1.1.2'
    python: '>=3.12,<3.13.0a0'
  url: https://repo.anaconda.com/pkgs/main/osx-arm64/jupyter-lsp-2.2.5-py312hca03da5_0.conda
  hash:
    md5: dff9da611f06cd11fc92070b38493338
    sha256: 0a969e9fe062a9a281302a25222feba81a9f60ba6aed6b9d32b8297b358d4646
  category: main
  optional: false
- name: jupyter_client
  version: 8.8.0
  manager: conda
  platform: osx-arm64
  dependencies:
    jupyter_core: '>=5.1'
    python: '>=3.12,<3.13.0a0'
    python-dateutil: '>=2.8.2'
    pyzmq: '>=25.0'
    tornado: '>=6.4.1'
    traitlets: '>=5.3'
  url: https://repo.anaconda.com/pkgs/main/osx-arm64/jupyter_client-8.8.0-py312hca03da5_0.conda
  hash:
    md5: a073b403f1c14485e993d52e6ffb8cb9
    sha256: f8aeb95d48919b6bf5daea670fb785fc94d0b9e7bf3a1e8ce8ae647f589397c7
  category: main
  optional: false
- name: jupyter_core
  version: 5.9.1
  manager: conda
  platform: osx-arm64
  dependencies:
    platformdirs: '>=2.5'
    python: '>=3.12,<3.13.0a0'
    traitlets: '>=5.3'
  url: https://repo.anaconda.com/pkgs/main/osx-arm64/jupyter_core-5.9.1-py312hca03da5_0.conda
  hash:
    md5: 675df3a5e786dc52732c8e1213d3c229
    sha256: d9f4d9c40b3d2887b262c54636f3faa71b23bef6d13ba3ec4a07bc4fc2cffe90
  category: main
  optional: false
- name: jupyter_events
  version: 0.12.0
  manager: conda
  platform: osx-arm64
  dependencies:
    jsonschema: '>=4.18.0'
    packaging: ''
    python: '>=3.12,<3.13.0a0'
    python-json-logger: '>=2.0.4'
    pyyaml: '>=5.3'
    referencing: ''
    rfc3339-validator: ''
    rfc3986-validator: '>=0.1.1'
    traitlets: '>=5.3'
  url: https://repo.anaconda.com/pkgs/main/osx-arm64/jupyter_events-0.12.0-py312hca03da5_1.conda
  hash:
    md5: e18e55f790dc8a71258fae50a6e65947
    sha256: 161cb07002915c20bdd9be9af9a428e93088e5c0bb8478dc6a15a13c8fcfcba8
  category: main
  optional: false
- name: jupyter_server
  version: 2.17.0
  manager: conda
  platform: osx-arm64
  dependencies:
    anyio: '>=3.1.0'
    argon2-cffi: '>=21.1'
    jinja2: '>=3.0.3'
    jupyter_client: '>=7.4.4'
    jupyter_core: '>=4.12,!=5.0.*'
    jupyter_events: '>=0.11.0'
    jupyter_server_terminals: '>=0.4.4'
    nbconvert-core: '>=6.4.4'
    nbformat: '>=5.3.0'
    packaging: '>=22.0'
    prometheus_client: '>=0.9'
    python: '>=3.12,<3.13.0a0'
    pyzmq: '>=24'
    send2trash: '>=1.8.2'
    terminado: '>=0.8.3'
    tornado: '>=6.2.0'
    traitlets: '>=5.6.0'
    websocket-client: '>=1.7'
  url: https://repo.anaconda.com/pkgs/main/osx-arm64/jupyter_server-2.17.0-py312hca03da5_0.conda
  hash:
    md5: 2431a628579fea618422a0d5e4a7aa5e
    sha256: c486ecc730bc691b5934ab7c15def38ac0fa6f233b2e934e6765edf60b77fb14
  category: main
  optional: false
- name: jupyter_server_terminals
  version: 0.5.3
  manager: conda
  platform: osx-arm64
  dependencies:
    python: '>=3.12,<3.13.0a0'
    terminado: '>=0.8.3'
  url: https://repo.anaconda.com/pkgs/main/osx-arm64/jupyter_server_terminals-0.5.3-py312hca03da5_0.conda
  hash:
    md5: ec9523f5e86a84b9880e3d7c59e4313f
    sha256: 0e9693fe357ede29dea68bd1cec4afcb6d365e8e3e1ab908b6736c20f60a6154
  category: main
  optional: false
- name: jupyterlab
  version: 4.5.0
  manager: conda
  platform: osx-arm64
  dependencies:
    async-lru: '>=1.0.0'
    httpx: '>=0.25.0,<1'
    ipykernel: '>=6.5.0,!=6.30.0'
    jinja2: '>=3.0.3'
    jupyter-lsp: '>=2.0.0'
    jupyter_core: ''
    jupyter_server: '>=2.4.0,<3'
    jupyterlab_server: '>=2.28,<3'
    notebook-shim: '>=0.2'
    packaging: ''
    python: '>=3.12,<3.13.0a0'
    setuptools: '>=41.1.0'
    tornado: '>=6.2.0'
    traitlets: ''
  url: https://repo.anaconda.com/pkgs/main/osx-arm64/jupyterlab-4.5.0-py312hca03da5_0.conda
  hash:
    md5: 1dad84386805daf56ed33ce5716bdefb
    sha256: 030707386be0a27f7093c46d5630e349c62466138fd92d2d82931dce3837f4b6
  category: main
  optional: false
- name: jupyterlab_pygments
  version: 0.3.0
  manager: conda
  platform: osx-arm64
  dependencies:
    pygments: '>=2.4.1,<3'
    python: '>=3.12,<3.13.0a0'
  url: https://repo.anaconda.com/pkgs/main/osx-arm64/jupyterlab_pygments-0.3.0-py312hca03da5_0.conda
  hash:
    md5: 1fd360901f53234d03b3772c48ade994
    sha256: cc3a8d2742deef9286b90f974a0a5d497c2c7308d346f50fb4fefcdd3421facc
  category: main
  optional: false
- name: jupyterlab_server
  version: 2.28.0
  manager: conda
  platform: osx-arm64
  dependencies:
    babel: '>=2.10'
    jinja2: '>=3.0.3'
    json5: '>=0.9.0'
    jsonschema: '>=4.18.0'
    jupyter_server: '>=1.21,<3'
    packaging: '>=21.3'
    python: '>=3.12,<3.13.0a0'
    requests: '>=2.31'
  url: https://repo.anaconda.com/pkgs/main/osx-arm64/jupyterlab_server-2.28.0-py312hca03da5_0.conda
  hash:
    md5: dd675db49c36fb7d7c061495fb07db0d
    sha256: a075e739f815668d566bb362d8f739a84d7d38994592bb9fae0bd5d0074b3a57
  category: main
  optional: false
- name: libcxx
  version: 17.0.6
  manager: conda
  platform: osx-arm64
  dependencies: {}
  url: https://repo.anaconda.com/pkgs/main/osx-arm64/libcxx-17.0.6-he5c5206_4.conda
  hash:
    md5: 314284caf93ef46528ece4abf8421cb7
    sha256: ed6ae548025846e9f273a22cf42bd6292ea882fa9d2659fea8ba33567fe0f50b
  category: main
  optional: false
- name: libffi
  version: 3.4.4
  manager: conda
  platform: osx-arm64
  dependencies: {}
  url: https://repo.anaconda.com/pkgs/main/osx-arm64/libffi-3.4.4-hca03da5_1.conda
  hash:
    md5: 2bec9ee4b1214a3c3e2d1f2e18725daf
    sha256: 800216cb554d0beaf970fe7c3efeee7974bb76576c1c5e0ae070c57fca2bba93
  category: main
  optional: false
- name: libgfortran5
  version: 15.2.0
  manager: conda
  platform: osx-arm64
  dependencies:
    llvm-openmp: '>=8.0.0'
  url: https://repo.anaconda.com/pkgs/main/osx-arm64/libgfortran5-15.2.0-hb654fa1_1.conda
  hash:
    md5: f8c6fe3676f16600a1f4a3acd37d9380
    sha256: 6cb3c60701a6287b77fa48525d173e24584ff4a75cbb08adb0d6c5912c47b559
  category: main
  optional: false
- name: libopenblas
  version: 0.3.29
  manager: conda
  platform: osx-arm64
  dependencies:
    libgfortran5: '>=11.2.0'
  url: https://repo.anaconda.com/pkgs/main/osx-arm64/libopenblas-0.3.29-hea593b9_0.conda
  hash:
    md5: 5ad0ecf0ac48d1453e16ab8fe1b42925
    sha256: a6d08375496f16532b8b61d20e9dd9f427f9ebd053ee2c04502baf77803aaa09
  category: main
  optional: false
- name: libsodium
  version: 1.0.18
  manager: conda
  platform: osx-arm64
  dependencies: {}
  url: https://repo.anaconda.com/pkgs/main/osx-arm64/libsodium-1.0.18-h1a28f6b_0.conda
  hash:
    md5: c3872d57624b5db1397b5381fa26743b
    sha256: 6ecab6e5366696ec3329a13e55fa563f018e328c5d9b7a16ce02e3e8a1be09d5
  category: main
  optional: false
- name: llvm-openmp
  version: 17.0.6
  manager: conda
  platform: osx-arm64
  dependencies: {}
  url: https://repo.anaconda.com/pkgs/main/osx-arm64/llvm-openmp-17.0.6-h2f17746_0.conda
  hash:
    md5: 5e958eb1ab7c5b410f1a26a207d15916
    sha256: 62c42fb4afda32921ad8651a0d75a3f4b6b84e422ba8226544e80030d664ee0e
  category: main
  optional: false
- name: markupsafe
  version: 3.0.2
  manager: conda
  platform: osx-arm64
  dependencies:
    python: '>=3.12,<3.13.0a0'
  url: https://repo.anaconda.com/pkgs/main/osx-arm64/markupsafe-3.0.2-py312h80987f9_0.conda
  hash:
    md5: 687ceee0a1164f7f3a177fb3275d947a
    sha256: 9d6feb1375b52877ab37f75e68d7b0b147dd383bd681f24257ba447802fdd68c
  category: main
  optional: false
- name: matplotlib-inline
  version: 0.2.1
  manager: conda
  platform: osx-arm64
  dependencies:
    python: '>=3.12,<3.13.0a0'
    traitlets: ''
  url: https://repo.anaconda.com/pkgs/main/osx-arm64/matplotlib-inline-0.2.1-py312hca03da5_0.conda
  hash:
    md5: aed00d0be748c8a75a5e3315a4d30c44
    sha256: dce55e7a359f2819a46073a3bffb375e5066d2124559e23aff46be8ec811db4a
  category: main
  optional: false
- name: mistune
  version: 3.1.2
  manager: conda
  platform: osx-arm64
  dependencies:
    python: '>=3.12,<3.13.0a0'
  url: https://repo.anaconda.com/pkgs/main/osx-arm64/mistune-3.1.2-py312hca03da5_0.conda
  hash:
    md5: 28dd919c3d555b4f3b0174ec79b6703a
    sha256: a4b0b6513cbe222a50f9de859f68eecafcf98afb2f4d8ec9e35e8478f966a46b
  category: main
  optional: false
- name: nbclient
  version: 0.10.2
  manager: conda
  platform: osx-arm64
  dependencies:
    jupyter_client: '>=6.1.12'
    jupyter_core: '>=4.12,!=5.0.*'
    nbformat: '>=5.1'
    python: '>=3.12,<3.13.0a0'
    traitlets: '>=5.4'
  url: https://repo.anaconda.com/pkgs/main/osx-arm64/nbclient-0.10.2-py312hca03da5_0.conda
  hash:
    md5: 2bec7879e2e39e45307339d6596cd5c8
    sha256: 156a09750e463f74cb603f41b830803ba0db912da08cc004c577917e674da65d
  category: main
  optional: false
- name: nbconvert-core
  version: 7.16.6
  manager: conda
  platform: osx-arm64
  dependencies:
    beautifulsoup4: ''
    bleach: '!=5.0.0'
    defusedxml: ''
    jinja2: '>=3.0'
    jupyter_core: '>=4.7'
    jupyterlab_pygments: ''
    markupsafe: '>=2.0'
    mistune: '>=2.0.3,<4'
    nbclient: '>=0.5.0'
    nbformat: '>=5.7'
    packaging: ''
    pandocfilters: '>=1.4.1'
    pygments: '>=2.4.1'
    python: '>=3.12,<3.13.0a0'
    tinycss2: ''
    traitlets: '>=5.1'
  url: https://repo.anaconda.com/pkgs/main/osx-arm64/nbconvert-core-7.16.6-py312hca03da5_0.conda
  hash:
    md5: 818b8ddbad2dcc577c9efcac8b4f8ab5
    sha256: 88329e763c940718403c84baf333e4c28cd63da0e9651acbacd2e4124aba87bf
  category: main
  optional: false
- name: nbformat
  version: 5.10.4
  manager: conda
  platform: osx-arm64
  dependencies:
    jsonschema: '>=2.6'
    jupyter_core: '>=4.12,!=5.0.*'
    python: '>=3.12,<3.13.0a0'
    python-fastjsonschema: '>=2.15'
    traitlets: '>=5.1'
  url: https://repo.anaconda.com/pkgs/main/osx-arm64/nbformat-5.10.4-py312hca03da5_0.conda
  hash:
    md5: 8d3d875cad2f5e958499d5535ff87b4c
    sha256: 9fd3bc9893f7f7076fb660c5d35fa1e32bae47704c5c6592d16dde49d64c9458
  category: main
  optional: false
- name: ncurses
  version: '6.4'
  manager: conda
  platform: osx-arm64
  dependencies: {}
  url: https://repo.anaconda.com/pkgs/main/osx-arm64/ncurses-6.4-h313beb8_0.conda
  hash:
    md5: 08038fd388dbbda4ed8e0206fc8706a7
    sha256: fe2b87be65e21d3cd3b73659e61d670901c3f8b593444dbea3e80a4c4359d7b6
  category: main
  optional: false
- name: nest-asyncio
  version: 1.6.0
  manager: conda
  platform: osx-arm64
  dependencies:
    python: '>=3.12,<3.13.0a0'
  url: https://repo.anaconda.com/pkgs/main/osx-arm64/nest-asyncio-1.6.0-py312hca03da5_0.conda
  hash:
    md5: ebdd0f516557a2a0640f2a6cab0dca7b
    sha256: 6577bf711d4acbf0cdb3fde4e348d3136ee19a4334ca11d846410865564d163f
  category: main
  optional: false
- name: notebook-shim
  version: 0.2.4
  manager: conda
  platform: osx-arm64
  dependencies:
    jupyter_server: '>=1.8,<3'
    python: '>=3.12,<3.13.0a0'
  url: https://repo.anaconda.com/pkgs/main/osx-arm64/notebook-shim-0.2.4-py312hca03da5_0.conda
  hash:
    md5: d79b5d9b928c407a8b1de69ff32adb16
    sha256: d4a3bb3a7e0bf03f1573fc55d541288f249984ac0766ed2243a4d2e63bf73e12
  category: main
  optional: false
- name: numexpr
  version: 2.10.1
  manager: conda
  platform: osx-arm64
  dependencies:
    libcxx: '>=14.0.6'
    numpy: '>=1.23.0'
    python: '>=3.12,<3.13.0a0'
  url: https://repo.anaconda.com/pkgs/main/osx-arm64/numexpr-2.10.1-py312h5d9532f_0.conda
  hash:
    md5: fff0289204590d134d336f94ddfcad98
    sha256: e6f5e5e235fc62d9b6a3bcd517159dc729bcbd5c35b3b9a50f929fce656c7b58
  category: main
  optional: false
- name: numpy
  version: 2.3.1
  manager: conda
  platform: osx-arm64
  dependencies:
    blas: '*'
    libcxx: '>=17'
    libopenblas: '>=0.3.29,<1.0a0'
    numpy-base: 2.3.1
    python: '>=3.12,<3.13.0a0'
  url: https://repo.anaconda.com/pkgs/main/osx-arm64/numpy-2.3.1-py312hc3f7a0e_0.conda
  hash:
    md5: 61c777dc9ad628ec4c1b4b2a6c3a49d0
    sha256: fe32ebb15d729bed4d5139f60ddc5fedcae4fa70521642dfe8e296eea7f4825d
  category: main
  optional: false
- name: numpy-base
  version: 2.3.1
  manager: conda
  platform: osx-arm64
  dependencies:
    blas: '*'
    libcxx: '>=17'
    libopenblas: '>=0.3.29,<1.0a0'
    python: '>=3.12,<3.13.0a0'
  url: https://repo.anaconda.com/pkgs/main/osx-arm64/numpy-base-2.3.1-py312he1c501e_0.conda
  hash:
    md5: e571343ed2e2602aa0bb0532412e675a
    sha256: 710768f23b039c58cd5cb4aeae4f52689504999c66714a1ae73a9bd840b87574
  category: main
  optional: false
- name: openssl
  version: 3.0.17
  manager: conda
  platform: osx-arm64
  dependencies:
    ca-certificates: ''
  url: https://repo.anaconda.com/pkgs/main/osx-arm64/openssl-3.0.17-h4ee41c1_0.conda
  hash:
    md5: 74c543f8a3ba9b298d463ae4f7d6cc51
    sha256: cda67fed4b44f610022c6ae753dbc46de5c52a4b8324c589d1ff41bf1cf43755
  category: main
  optional: false
- name: packaging
  version: '25.0'
  manager: conda
  platform: osx-arm64
  dependencies:
    python: '>=3.12,<3.13.0a0'
  url: https://repo.anaconda.com/pkgs/main/osx-arm64/packaging-25.0-py312hca03da5_1.conda
  hash:
    md5: e149736b3e8ca32dcdc2712c0ac3bed6
    sha256: 4417defa64dbf8ac1899129ef5330b175402a37d9a2fc611c4190329ea38c424
  category: main
  optional: false
- name: pandas
  version: 2.2.3
  manager: conda
  platform: osx-arm64
  dependencies:
    bottleneck: '>=1.3.6'
    libcxx: '>=14.0.6'
    numexpr: '>=2.8.4'
    numpy: '>=1.26.0,<3'
    python: '>=3.12,<3.13.0a0'
    python-dateutil: '>=2.8.2'
    python-tzdata: '>=2022.7'
    pytz: '>=2020.1'
  url: https://repo.anaconda.com/pkgs/main/osx-arm64/pandas-2.2.3-py312hcf29cfe_0.conda
  hash:
    md5: 97e71a56f74f56627cb9b5ad7ab8d086
    sha256: 4a72f127acbb55aa523581e1fd2f2b256c3f57bdf7f1acff31dcc73e4443ad09
  category: main
  optional: false
- name: pandocfilters
  version: 1.5.1
  manager: conda
  platform: osx-arm64
  dependencies:
    python: '>=3.12,<3.13.0a0'
  url: https://repo.anaconda.com/pkgs/main/osx-arm64/pandocfilters-1.5.1-py312hca03da5_0.conda
  hash:
    md5: 6e725b87c0ca9e519cbd59e9ebb0bd1b
    sha256: 31806163017298bf466b140cf572ebe1612e79f3af0235441f8402cd77f835ca
  category: main
  optional: false
- name: parso
  version: 0.8.5
  manager: conda
  platform: osx-arm64
  dependencies:
    python: '>=3.12,<3.13.0a0'
  url: https://repo.anaconda.com/pkgs/main/osx-arm64/parso-0.8.5-py312hca03da5_0.conda
  hash:
    md5: 7caac5ef2a5c405675bb086b2b361263
    sha256: 02db2b368fba7d89382e378ebe19432348fb64d66f92c7db208868a703b22860
  category: main
  optional: false
- name: pexpect
  version: 4.9.0
  manager: conda
  platform: osx-arm64
  dependencies:
    ptyprocess: '>=0.5'
    python: '>=3.12,<3.13.0a0'
  url: https://repo.anaconda.com/pkgs/main/osx-arm64/pexpect-4.9.0-py312hca03da5_1.conda
  hash:
    md5: d530e893004a4ba93339e526b9229e47
    sha256: e848ed09cc0077231913e930f1f0a47418c0f2ed764c1a665669de690e8a1916
  category: main
  optional: false
- name: platformdirs
  version: 4.5.0
  manager: conda
  platform: osx-arm64
  dependencies:
    python: '>=3.12,<3.13.0a0'
  url: https://repo.anaconda.com/pkgs/main/osx-arm64/platformdirs-4.5.0-py312hca03da5_0.conda
  hash:
    md5: 3a1f67d4208920683423440faaf35e8a
    sha256: e8378d0cb3498adf7136fc35bb52ec3bb60f93db7e38b2f525be3c48e5f7ab2e
  category: main
  optional: false
- name: prometheus_client
  version: 0.21.1
  manager: conda
  platform: osx-arm64
  dependencies:
    python: '>=3.12,<3.13.0a0'
  url: https://repo.anaconda.com/pkgs/main/osx-arm64/prometheus_client-0.21.1-py312hca03da5_0.conda
  hash:
    md5: dedcd76578f14f007ee5b084887dfb55
    sha256: e305f3876a65239ebd4e022e0d52010c86ce4d69e58b33b032f2cd5382b24db9
  category: main
  optional: false
- name: prompt-toolkit
  version: 3.0.52
  manager: conda
  platform: osx-arm64
  dependencies:
    python: '>=3.12,<3.13.0a0'
    wcwidth: ''
  url: https://repo.anaconda.com/pkgs/main/osx-arm64/prompt-toolkit-3.0.52-py312hca03da5_1.conda
  hash:
    md5: 6a90c97b9c2186e7433d10a3a91fe832
    sha256: d3196e4759d0f300716f4e1f97d50a2af0ebfddf5a5e78e1d517db679b9a4625
  category: main
  optional: false
- name: prompt_toolkit
  version: 3.0.52
  manager: conda
  platform: osx-arm64
  dependencies:
    prompt-toolkit: '>=3.0.52,<3.0.53.0a0'
  url: https://repo.anaconda.com/pkgs/main/noarch/prompt_toolkit-3.0.52-hd3eb1b0_1.conda
  hash:
    md5: 446203e5c534c79b7f50c217c76dd460
    sha256: 5f5bfe17c8fc1a4921e1cd7a80ac09dc7dc23fbd60d79c8bf50ec20feede2fb9
  category: main
  optional: false
- name: psutil
  version: 5.9.0
  manager: conda
  platform: osx-arm64
  dependencies:
    python: '>=3.12,<3.13.0a0'
  url: https://repo.anaconda.com/pkgs/main/osx-arm64/psutil-5.9.0-py312h80987f9_1.conda
  hash:
    md5: 9c17506461eac087d2e7198e57b9499b
    sha256: 2451416ee98261ed96160993f9816bc75f93ef62c6a25464f3ecb61dff2d870b
  category: main
  optional: false
- name: ptyprocess
  version: 0.7.0
  manager: conda
  platform: osx-arm64
  dependencies:
    python: ''
  url: https://repo.anaconda.com/pkgs/main/noarch/ptyprocess-0.7.0-pyhd3eb1b0_3.conda
  hash:
    md5: f50f8c0bccb614213191c4aaa854e76f
    sha256: 39ac93fa6cd8c45185c90d9fd9a26edceb7379fd210f18bb517d7f7b5bcb7822
  category: main
  optional: false
- name: pure_eval
  version: 0.2.3
  manager: conda
  platform: osx-arm64
  dependencies:
    python: '>=3.12,<3.13.0a0'
  url: https://repo.anaconda.com/pkgs/main/osx-arm64/pure_eval-0.2.3-py312hca03da5_0.conda
  hash:
    md5: 0e4484542c6faf17fa32b94f946c92c6
    sha256: 832dd347eb614e9b629d0991bfc2594cab41e86528a3f0958d68194328cdf3e1
  category: main
  optional: false
- name: pycparser
  version: '2.23'
  manager: conda
  platform: osx-arm64
  dependencies:
    python: '>=3.12,<3.13.0a0'
  url: https://repo.anaconda.com/pkgs/main/osx-arm64/pycparser-2.23-py312hca03da5_0.conda
  hash:
    md5: bab953d9c8925361343fe9078f8224f7
    sha256: aaf6cbb422a2ea3069f550c7f942f4e934f7575b5bcc390b87cc4c0d1e4a1fa2
  category: main
  optional: false
- name: pygments
  version: 2.19.2
  manager: conda
  platform: osx-arm64
  dependencies:
    python: '>=3.12,<3.13.0a0'
  url: https://repo.anaconda.com/pkgs/main/osx-arm64/pygments-2.19.2-py312hca03da5_0.conda
  hash:
    md5: f794116c318efa37e623609d38b8ca62
    sha256: 0c38d1d643f707f58089a61b9c176cc5ddd89b7826be55f19d0dead628a27dcd
  category: main
  optional: false
- name: pysocks
  version: 1.7.1
  manager: conda
  platform: osx-arm64
  dependencies:
    python: '>=3.12,<3.13.0a0'
  url: https://repo.anaconda.com/pkgs/main/osx-arm64/pysocks-1.7.1-py312hca03da5_1.conda
  hash:
    md5: 135a56e2df313e6e5e49a6bd212f68e1
    sha256: 426fd02cd7acb0d5f7b2c351c7d6f8f79be7ce2fdd1cbf0fda3ceef90f34b381
  category: main
  optional: false
- name: python
  version: 3.12.2
  manager: conda
  platform: osx-arm64
  dependencies:
    bzip2: '>=1.0.8,<2.0a0'
    expat: '>=2.5.0,<3.0a0'
    libffi: '>=3.4,<4.0a0'
    ncurses: '>=6.4,<7.0a0'
    openssl: '>=3.0.13,<4.0a0'
    readline: '>=8.1.2,<9.0a0'
    sqlite: '>=3.41.2,<4.0a0'
    tk: '>=8.6.12,<8.7.0a0'
    tzdata: ''
    xz: '>=5.4.6,<6.0a0'
    zlib: '>=1.2.13,<2.0.0a0'
  url: https://repo.anaconda.com/pkgs/main/osx-arm64/python-3.12.2-h99e199e_0.conda
  hash:
    md5: ccdb24048e0e912e3a21eee26cdb7306
    sha256: 535c336ba1c823023cf3c7ef7ede09e9c87ba555a4ba95d3e142175086a808cc
  category: main
  optional: false
- name: python-dateutil
  version: 2.9.0post0
  manager: conda
  platform: osx-arm64
  dependencies:
    python: '>=3.12,<3.13.0a0'
    six: '>=1.5'
  url: https://repo.anaconda.com/pkgs/main/osx-arm64/python-dateutil-2.9.0post0-py312hca03da5_2.conda
  hash:
    md5: 376e2d47392baa32ad2fff33701178e3
    sha256: 63ad4542511a80cf687c70f376ea89f4537e1cd450d8a3c5ed98d0fdcb78845b
  category: main
  optional: false
- name: python-fastjsonschema
  version: 2.21.2
  manager: conda
  platform: osx-arm64
  dependencies:
    python: '>=3.12,<3.13.0a0'
  url: https://repo.anaconda.com/pkgs/main/osx-arm64/python-fastjsonschema-2.21.2-py312hca03da5_0.conda
  hash:
    md5: cc90a52a1d830fc927222e2f683a9ff4
    sha256: fd5e283065a24a120ac81e673e5dcd8cb03f7e6d3496b4444e773582dc4c412a
  category: main
  optional: false
- name: python-json-logger
  version: 4.0.0
  manager: conda
  platform: osx-arm64
  dependencies:
    python: '>=3.12,<3.13.0a0'
  url: https://repo.anaconda.com/pkgs/main/osx-arm64/python-json-logger-4.0.0-py312hca03da5_0.conda
  hash:
    md5: c244cbf22d8c099cf591647f9363fc22
    sha256: 0e02fc5e475d9b124e27f89595e049780281c0170298472e793f377113e52082
  category: main
  optional: false
- name: python-tzdata
  version: '2025.3'
  manager: conda
  platform: osx-arm64
  dependencies:
    python: ''
  url: https://repo.anaconda.com/pkgs/main/noarch/python-tzdata-2025.3-pyhd3eb1b0_0.conda
  hash:
    md5: cfe9abb10f0af50a8642e2f1a936bb70
    sha256: bf3aa8e7ad93536482a23ea185ed840c404b359af78accaea167ea0e38754a7e
  category: main
  optional: false
- name: pytz
  version: '2025.2'
  manager: conda
  platform: osx-arm64
  dependencies:
    python: '>=3.12,<3.13.0a0'
  url: https://repo.anaconda.com/pkgs/main/osx-arm64/pytz-2025.2-py312hca03da5_0.conda
  hash:
    md5: 3674730cf51f45509bcf85e3a9df387f
    sha256: 20930e710a43e9da8dd8b6f740a5792c0ab6f03926b6c7ccb9394de98d7910ed
  category: main
  optional: false
- name: pyyaml
  version: 6.0.2
  manager: conda
  platform: osx-arm64
  dependencies:
    python: '>=3.12,<3.13.0a0'
    yaml: '>=0.2.5,<0.3.0a0'
  url: https://repo.anaconda.com/pkgs/main/osx-arm64/pyyaml-6.0.2-py312h80987f9_0.conda
  hash:
    md5: 03a1b80e3ca5ebb44a38d22f0af2f57c
    sha256: ae2ce03d72254e960caf7449648000accfcb47c815c370c38bee02127d107ff8
  category: main
  optional: false
- name: pyzmq
  version: 26.2.0
  manager: conda
  platform: osx-arm64
  dependencies:
    libcxx: '>=14.0.6'
    python: '>=3.12,<3.13.0a0'
    zeromq: '>=4.3.5,<4.4.0a0'
  url: https://repo.anaconda.com/pkgs/main/osx-arm64/pyzmq-26.2.0-py312h313beb8_0.conda
  hash:
    md5: d64f49f54398b0d5d5a07160d706fa6d
    sha256: 7fb7813d20dbaf7c6236036a26084d909848b1ed27cee1e304d73a6bd7e224b9
  category: main
  optional: false
- name: readline
  version: '8.2'
  manager: conda
  platform: osx-arm64
  dependencies:
    ncurses: '>=6.3,<7.0a0'
  url: https://repo.anaconda.com/pkgs/main/osx-arm64/readline-8.2-h1a28f6b_0.conda
  hash:
    md5: 8e3d8eb62e32065d41fad9a83a901254
    sha256: 0399187fd09fc52bfac1b67b3cdef33faa76a75213ff932d9fcb079238dd8584
  category: main
  optional: false
- name: referencing
  version: 0.37.0
  manager: conda
  platform: osx-arm64
  dependencies:
    attrs: '>=22.2.0'
    python: '>=3.12,<3.13.0a0'
    rpds-py: '>=0.7.0'
    typing_extensions: '>=4.4.0'
  url: https://repo.anaconda.com/pkgs/main/osx-arm64/referencing-0.37.0-py312hca03da5_0.conda
  hash:
    md5: 689a35cf02ebb702a78b56d11ab71835
    sha256: 5da99321048fbf0642f8a5b59517ee34171f15e22813ceb8fe0827704cc3a74d
  category: main
  optional: false
- name: requests
  version: 2.32.5
  manager: conda
  platform: osx-arm64
  dependencies:
    certifi: '>=2017.4.17'
    charset-normalizer: '>=2,<4'
    idna: '>=2.5,<4'
    python: '>=3.12,<3.13.0a0'
    urllib3: '>=1.21.1,<3'
  url: https://repo.anaconda.com/pkgs/main/osx-arm64/requests-2.32.5-py312hca03da5_1.conda
  hash:
    md5: 39f4ab060ae8be0d4bceceaa2756bd76
    sha256: d7e7869a194ce6ae119680d4e1ebddd96dbb6653ca553e5e95135dd2fbff0f85
  category: main
  optional: false
- name: rfc3339-validator
  version: 0.1.4
  manager: conda
  platform: osx-arm64
  dependencies:
    python: '>=3.12,<3.13.0a0'
    six: ''
  url: https://repo.anaconda.com/pkgs/main/osx-arm64/rfc3339-validator-0.1.4-py312hca03da5_0.conda
  hash:
    md5: 605999e092fc59a4694d835a85dcca68
    sha256: 97b010a4c6099f4bd5db4710a73d483b3f4205a9d345b67deb50b2da8e9a5041
  category: main
  optional: false
- name: rfc3986-validator
  version: 0.1.1
  manager: conda
  platform: osx-arm64
  dependencies:
    python: '>=3.12,<3.13.0a0'
  url: https://repo.anaconda.com/pkgs/main/osx-arm64/rfc3986-validator-0.1.1-py312hca03da5_0.conda
  hash:
    md5: 6a8df70fd38aeb138fc471bac42c8aa9
    sha256: e548ea8b13e9f8787ab098385338103e5ffc2e8a7a7ada6214717ae326016a4f
  category: main
  optional: false
- name: rpds-py
  version: 0.22.3
  manager: conda
  platform: osx-arm64
  dependencies:
    python: '>=3.12,<3.13.0a0'
  url: https://repo.anaconda.com/pkgs/main/osx-arm64/rpds-py-0.22.3-py312h2aea54e_0.conda
  hash:
    md5: c617f41c8f2138d87bd3e7767fdf9b9e
    sha256: b5038267ff574b2099edbd1aab877f713ca3ab0d792ac4a66a20f2b2202b84d1
  category: main
  optional: false
- name: send2trash
  version: 1.8.3
  manager: conda
  platform: osx-arm64
  dependencies:
    python: '>=3.12,<3.13.0a0'
  url: https://repo.anaconda.com/pkgs/main/osx-arm64/send2trash-1.8.3-py312hca03da5_0.conda
  hash:
    md5: 3ab0ef56a64e52d0c7947aba6b8293db
    sha256: f84da13775a6f9c2de873b2bdbadc46fa007db8cb6a38042308f63543ece8a79
  category: main
  optional: false
- name: setuptools
  version: 72.1.0
  manager: conda
  platform: osx-arm64
  dependencies:
    python: '>=3.12,<3.13.0a0'
  url: https://repo.anaconda.com/pkgs/main/osx-arm64/setuptools-72.1.0-py312hca03da5_0.conda
  hash:
    md5: 53c22c422221ad50987083db969f7ac8
    sha256: d7cc2a9419bdc3696de93c95b5fd37a7fb299f50491b1f866367dbae3d3ee719
  category: main
  optional: false
- name: six
  version: 1.17.0
  manager: conda
  platform: osx-arm64
  dependencies:
    python: '>=3.12,<3.13.0a0'
  url: https://repo.anaconda.com/pkgs/main/osx-arm64/six-1.17.0-py312hca03da5_0.conda
  hash:
    md5: 55015b725c60547698aaa89f95cda86b
    sha256: 4eda7f3c8495bd45b02162f65f5c57c3da6279b0fa5411fb8fab926cddcfac11
  category: main
  optional: false
- name: sniffio
  version: 1.3.1
  manager: conda
  platform: osx-arm64
  dependencies:
    python: '>=3.12,<3.13.0a0'
  url: https://repo.anaconda.com/pkgs/main/osx-arm64/sniffio-1.3.1-py312hca03da5_0.conda
  hash:
    md5: 17594a5d2d417f544b72cdb72a5393c6
    sha256: 998592607efde66c8b5243b9fc692dad4f9e98d1e9418102b9c249ea85651afa
  category: main
  optional: false
- name: soupsieve
  version: '2.5'
  manager: conda
  platform: osx-arm64
  dependencies:
    python: '>=3.12,<3.13.0a0'
  url: https://repo.anaconda.com/pkgs/main/osx-arm64/soupsieve-2.5-py312hca03da5_0.conda
  hash:
    md5: ed54aa8b5da663de8e61129ed7663d06
    sha256: 16689b2c90b30943c1f6572c8e188d320086472fbf4706bda902257d0f4c0454
  category: main
  optional: false
- name: sqlite
  version: 3.45.3
  manager: conda
  platform: osx-arm64
  dependencies:
    ncurses: '>=6.4,<7.0a0'
    readline: '>=8.1.2,<9.0a0'
    zlib: '>=1.2.13,<2.0a0'
  url: https://repo.anaconda.com/pkgs/main/osx-arm64/sqlite-3.45.3-h80987f9_0.conda
  hash:
    md5: b81acdca67ae414177b550758d2d77a6
    sha256: 247a94c1f825ce386aeb27f2d40521a0e8b24155ce2112ee5435e0bbb43db03c
  category: main
  optional: false
- name: stack_data
  version: 0.6.3
  manager: conda
  platform: osx-arm64
  dependencies:
    asttokens: '>=2.1.0'
    executing: '>=1.2.0'
    pure_eval: ''
    python: '>=3.12,<3.13.0a0'
  url: https://repo.anaconda.com/pkgs/main/osx-arm64/stack_data-0.6.3-py312hca03da5_0.conda
  hash:
    md5: fa6d2b4248cafe96189d131ec4b3c5cd
    sha256: bee465c2c37d49aa2f7f898ca25c672098f3c759cca74655d3d8a16f2a6e1dca
  category: main
  optional: false
- name: terminado
  version: 0.18.1
  manager: conda
  platform: osx-arm64
  dependencies:
    ptyprocess: ''
    python: '>=3.12,<3.13.0a0'
    tornado: '>=6.1.0'
  url: https://repo.anaconda.com/pkgs/main/osx-arm64/terminado-0.18.1-py312hca03da5_0.conda
  hash:
    md5: 713401feb7ed73bf5eb0fc1f29a30a3a
    sha256: c93894ce66a2961a9e5186c9690e5c7b2afbf3502015af2db16cc02a007baa7c
  category: main
  optional: false
- name: tinycss2
  version: 1.4.0
  manager: conda
  platform: osx-arm64
  dependencies:
    python: '>=3.12,<3.13.0a0'
    webencodings: '>=0.4'
  url: https://repo.anaconda.com/pkgs/main/osx-arm64/tinycss2-1.4.0-py312hca03da5_0.conda
  hash:
    md5: d431b0caaadee0556ed3f60add542b24
    sha256: c520110b4d65881e9b2104e9d731bbb9ddd191fedcb53a80aaae291690c0bdb5
  category: main
  optional: false
- name: tk
  version: 8.6.14
  manager: conda
  platform: osx-arm64
  dependencies:
    zlib: '>=1.2.13,<2.0.0a0'
  url: https://repo.anaconda.com/pkgs/main/osx-arm64/tk-8.6.14-h6ba3021_1.conda
  hash:
    md5: 3dd6d73dac5c9b446c0784c68942b6f6
    sha256: 9df29566870e6569f87ef8a7f862cbf7016a2898cf71b9b0671d9fe0697660b0
  category: main
  optional: false
- name: tornado
  version: 6.5.1
  manager: conda
  platform: osx-arm64
  dependencies:
    python: '>=3.12,<3.13.0a0'
  url: https://repo.anaconda.com/pkgs/main/osx-arm64/tornado-6.5.1-py312h80987f9_0.conda
  hash:
    md5: bbf9708c116bbf5f2c5be45a691c1800
    sha256: cf86a46c64fea6fb08321ad28a1c91336472ceb52288302e044d1442490041f9
  category: main
  optional: false
- name: traitlets
  version: 5.14.3
  manager: conda
  platform: osx-arm64
  dependencies:
    python: '>=3.12,<3.13.0a0'
  url: https://repo.anaconda.com/pkgs/main/osx-arm64/traitlets-5.14.3-py312hca03da5_0.conda
  hash:
    md5: fb90f58a075adf8f91ffee40a8836730
    sha256: b0728aecc85c055c12a9874264b72f2e0834b7af75673e99c5b102cc396365ba
  category: main
  optional: false
- name: typing-extensions
  version: 4.15.0
  manager: conda
  platform: osx-arm64
  dependencies:
    python: '>=3.12,<3.13.0a0'
    typing_extensions: 4.15.0
  url: https://repo.anaconda.com/pkgs/main/osx-arm64/typing-extensions-4.15.0-py312hca03da5_0.conda
  hash:
    md5: 8debef47f6a9de1d7db995e8ffa894db
    sha256: 773f23dcd42c2fde43cb37108b2883fa4a1ee3e0a8818bac5e25caed73f9a324
  category: main
  optional: false
- name: typing_extensions
  version: 4.15.0
  manager: conda
  platform: osx-arm64
  dependencies:
    python: '>=3.12,<3.13.0a0'
  url: https://repo.anaconda.com/pkgs/main/osx-arm64/typing_extensions-4.15.0-py312hca03da5_0.conda
  hash:
    md5: e7c27f30ba84d8b877b73dec41304846
    sha256: a49c2eec5ba6b8b75641c708a1de2972ee9f66773ad388afa89c5476403322fa
  category: main
  optional: false
- name: tzdata
  version: 2025c
  manager: conda
  platform: osx-arm64
  dependencies: {}
  url: https://repo.anaconda.com/pkgs/main/noarch/tzdata-2025c-he532380_0.conda
  hash:
    md5: 6e382d15985f0eb3641376c4ec105389
    sha256: 736c2d2bd5ee924c905e7b41024d3887828e9ce048643352f273aa92087629a3
  category: main
  optional: false
- name: urllib3
  version: 2.5.0
  manager: conda
  platform: osx-arm64
  dependencies:
    brotlicffi: '>=0.8.0'
    pysocks: '>=1.5.6,<2.0,!=1.5.7'
    python: '>=3.12,<3.13.0a0'
  url: https://repo.anaconda.com/pkgs/main/osx-arm64/urllib3-2.5.0-py312hca03da5_0.conda
  hash:
    md5: bb5b75916740c1963c5f39cc398d9f4c
    sha256: 262e952008bffa22d973d1ebe3a13bf837f1f3c3b2a0e50923286e57ce85a999
  category: main
  optional: false
- name: wcwidth
  version: 0.2.14
  manager: conda
  platform: osx-arm64
  dependencies:
    python: '>=3.12,<3.13.0a0'
  url: https://repo.anaconda.com/pkgs/main/osx-arm64/wcwidth-0.2.14-py312hca03da5_0.conda
  hash:
    md5: 10ef2c2dc0272e44f637abfc491be55f
    sha256: 39a0d2d6992ef73e317c223727a1911f642d768528feb1b7b48eac9b9c9f1e7b
  category: main
  optional: false
- name: webencodings
  version: 0.5.1
  manager: conda
  platform: osx-arm64
  dependencies:
    python: '>=3.12,<3.13.0a0'
  url: https://repo.anaconda.com/pkgs/main/osx-arm64/webencodings-0.5.1-py312hca03da5_2.conda
  hash:
    md5: 61b0359c1caca58fc955d1af2c35c119
    sha256: 7f7bb3aecbaf88a3137c6c8ed06a7e681260ff82dafc826eeb5430e243e4543e
  category: main
  optional: false
- name: websocket-client
  version: 1.8.0
  manager: conda
  platform: osx-arm64
  dependencies:
    python: '>=3.12,<3.13.0a0'
  url: https://repo.anaconda.com/pkgs/main/osx-arm64/websocket-client-1.8.0-py312hca03da5_0.conda
  hash:
    md5: 7497c1598d040ed209b4c72e616ad215
    sha256: 0df84c7059f73f1c1d1c622bec1d631845d6cea55e5a80435c60cf75e6393b4c
  category: main
  optional: false
- name: xz
  version: 5.6.4
  manager: conda
  platform: osx-arm64
  dependencies: {}
  url: https://repo.anaconda.com/pkgs/main/osx-arm64/xz-5.6.4-h80987f9_1.conda
  hash:
    md5: f9ccb38dcd26b3ac6948df280aeacf3b
    sha256: 1715b8c457f4af91e55be7551ff5880f824c0fd756c70391aa6bc9a6594bdf31
  category: main
  optional: false
- name: yaml
  version: 0.2.5
  manager: conda
  platform: osx-arm64
  dependencies: {}
  url: https://repo.anaconda.com/pkgs/main/osx-arm64/yaml-0.2.5-h1a28f6b_0.conda
  hash:
    md5: 23a9bda10db68f27fac5c379466c98b7
    sha256: d4c5f11b4b9cb372f491caa39fcd28b426aa113cf1232775072ca6385e2fd87c
  category: main
  optional: false
- name: zeromq
  version: 4.3.5
  manager: conda
  platform: osx-arm64
  dependencies:
    libcxx: '>=14.0.6'
    libsodium: '>=1.0.18,<1.0.19.0a0'
  url: https://repo.anaconda.com/pkgs/main/osx-arm64/zeromq-4.3.5-h313beb8_0.conda
  hash:
    md5: 27bba9d479bd0a5ac0555ff2f2076245
    sha256: a48bca0f60cbcf52e5670dd999b26e10314190e411fe4e3343e785b1315cac1b
  category: main
  optional: false
- name: zlib
  version: 1.2.13
  manager: conda
  platform: osx-arm64
  dependencies: {}
  url: https://repo.anaconda.com/pkgs/main/osx-arm64/zlib-1.2.13-h18a0788_1.conda
  hash:
    md5: 0e0f66908c52256a41c02b757e24705a
    sha256: a24fd52061df9ed53ea5c26b453effeb68ae72628761d9f7434b7a2395274072
  category: main
  optional: false
